// !$*UTF8*$!
{
	archiveVersion = 1;
	classes = {
	};
	objectVersion = 56;
	objects = {

/* Begin PBXBuildFile section */
		229D2EEA2BF7BF7D0080C118 /* moodjournalApp.swift in Sources */ = {isa = PBXBuildFile; fileRef = 229D2EE92BF7BF7D0080C118 /* moodjournalApp.swift */; };
		229D2EEC2BF7BF7D0080C118 /* ContentView.swift in Sources */ = {isa = PBXBuildFile; fileRef = 229D2EEB2BF7BF7D0080C118 /* ContentView.swift */; };
		229D2EEE2BF7BF7F0080C118 /* Assets.xcassets in Resources */ = {isa = PBXBuildFile; fileRef = 229D2EED2BF7BF7F0080C118 /* Assets.xcassets */; };
		229D2EF12BF7BF7F0080C118 /* Preview Assets.xcassets in Resources */ = {isa = PBXBuildFile; fileRef = 229D2EF02BF7BF7F0080C118 /* Preview Assets.xcassets */; };
		229D2EF82BF7BF9A0080C118 /* CalendarWeekListView.swift in Sources */ = {isa = PBXBuildFile; fileRef = 229D2EF72BF7BF9A0080C118 /* CalendarWeekListView.swift */; };
		229D2F042BF8D2AF0080C118 /* WeekView.swift in Sources */ = {isa = PBXBuildFile; fileRef = 229D2F032BF8D2AF0080C118 /* WeekView.swift */; };
		229D2F062BF8D4720080C118 /* HomeView.swift in Sources */ = {isa = PBXBuildFile; fileRef = 229D2F052BF8D4720080C118 /* HomeView.swift */; };
		229D2F082BF8D4BE0080C118 /* HomeViewModel.swift in Sources */ = {isa = PBXBuildFile; fileRef = 229D2F072BF8D4BE0080C118 /* HomeViewModel.swift */; };
		229D2F0C2BF8D5420080C118 /* SettingsView.swift in Sources */ = {isa = PBXBuildFile; fileRef = 229D2F0B2BF8D5420080C118 /* SettingsView.swift */; };
		229D2F0E2BF8D7FB0080C118 /* MoodCarousel.swift in Sources */ = {isa = PBXBuildFile; fileRef = 229D2F0D2BF8D7FB0080C118 /* MoodCarousel.swift */; };
		229D2F122BF8DF930080C118 /* CalendarView.swift in Sources */ = {isa = PBXBuildFile; fileRef = 229D2F112BF8DF930080C118 /* CalendarView.swift */; };
		229D2F152BF8DFBC0080C118 /* Date+Extension.swift in Sources */ = {isa = PBXBuildFile; fileRef = 229D2F142BF8DFBC0080C118 /* Date+Extension.swift */; };
		229D2F192BF8F7ED0080C118 /* ChatView.swift in Sources */ = {isa = PBXBuildFile; fileRef = 229D2F182BF8F7ED0080C118 /* ChatView.swift */; };
		229D2F1C2BF8F8A30080C118 /* GoogleGenerativeAI in Frameworks */ = {isa = PBXBuildFile; productRef = 229D2F1B2BF8F8A30080C118 /* GoogleGenerativeAI */; };
		229D2F1E2BF8F9CD0080C118 /* GoogleService-Info.plist in Resources */ = {isa = PBXBuildFile; fileRef = 229D2F1D2BF8F9CD0080C118 /* GoogleService-Info.plist */; };
		229D2F212BF8FA1C0080C118 /* FirebaseAnalytics in Frameworks */ = {isa = PBXBuildFile; productRef = 229D2F202BF8FA1C0080C118 /* FirebaseAnalytics */; };
		229D2F232BF8FA1C0080C118 /* FirebaseAnalyticsOnDeviceConversion in Frameworks */ = {isa = PBXBuildFile; productRef = 229D2F222BF8FA1C0080C118 /* FirebaseAnalyticsOnDeviceConversion */; };
		229D2F252BF8FA1C0080C118 /* FirebaseAnalyticsSwift in Frameworks */ = {isa = PBXBuildFile; productRef = 229D2F242BF8FA1C0080C118 /* FirebaseAnalyticsSwift */; };
		229D2F272BF8FA1C0080C118 /* FirebaseAnalyticsWithoutAdIdSupport in Frameworks */ = {isa = PBXBuildFile; productRef = 229D2F262BF8FA1C0080C118 /* FirebaseAnalyticsWithoutAdIdSupport */; };
		229D2F292BF8FA1C0080C118 /* FirebaseAppCheck in Frameworks */ = {isa = PBXBuildFile; productRef = 229D2F282BF8FA1C0080C118 /* FirebaseAppCheck */; };
		229D2F2C2BF8FB3D0080C118 /* MessageCell.swift in Sources */ = {isa = PBXBuildFile; fileRef = 229D2F2B2BF8FB3D0080C118 /* MessageCell.swift */; };
		229D2F2E2BF8FB4D0080C118 /* MessageView.swift in Sources */ = {isa = PBXBuildFile; fileRef = 229D2F2D2BF8FB4D0080C118 /* MessageView.swift */; };
		229D2F322BF90EBA0080C118 /* Message.xcdatamodeld in Sources */ = {isa = PBXBuildFile; fileRef = 229D2F302BF90EBA0080C118 /* Message.xcdatamodeld */; };
		229D2F342BF922650080C118 /* NetworkMonitor.swift in Sources */ = {isa = PBXBuildFile; fileRef = 229D2F332BF922650080C118 /* NetworkMonitor.swift */; };
		229D2F362BF9228A0080C118 /* NetworkUnavailableView.swift in Sources */ = {isa = PBXBuildFile; fileRef = 229D2F352BF9228A0080C118 /* NetworkUnavailableView.swift */; };
		229D2F382BF922A60080C118 /* PersistenceController.swift in Sources */ = {isa = PBXBuildFile; fileRef = 229D2F372BF922A60080C118 /* PersistenceController.swift */; };
		22CA4D722BF9FE89004F47E9 /* FirebaseFirestoreSwift in Frameworks */ = {isa = PBXBuildFile; productRef = 22CA4D712BF9FE89004F47E9 /* FirebaseFirestoreSwift */; };
		22CA4D742BF9FEAF004F47E9 /* FirebaseAuth in Frameworks */ = {isa = PBXBuildFile; productRef = 22CA4D732BF9FEAF004F47E9 /* FirebaseAuth */; };
		22CA4D762BF9FF47004F47E9 /* Encodable.swift in Sources */ = {isa = PBXBuildFile; fileRef = 22CA4D752BF9FF47004F47E9 /* Encodable.swift */; };
		22CA4D782BFA1E16004F47E9 /* MoodsRow.swift in Sources */ = {isa = PBXBuildFile; fileRef = 22CA4D772BFA1E16004F47E9 /* MoodsRow.swift */; };
		22CA4D7B2BFA2C64004F47E9 /* CalendarViewModel.swift in Sources */ = {isa = PBXBuildFile; fileRef = 22CA4D7A2BFA2C64004F47E9 /* CalendarViewModel.swift */; };
		22CA4D7E2BFA2F59004F47E9 /* DayItem.swift in Sources */ = {isa = PBXBuildFile; fileRef = 22CA4D7D2BFA2F59004F47E9 /* DayItem.swift */; };
		22CA4D802BFA7384004F47E9 /* CarouselView.swift in Sources */ = {isa = PBXBuildFile; fileRef = 22CA4D7F2BFA7384004F47E9 /* CarouselView.swift */; };
		22CA4D822BFA73D8004F47E9 /* EmojiItem.swift in Sources */ = {isa = PBXBuildFile; fileRef = 22CA4D812BFA73D8004F47E9 /* EmojiItem.swift */; };
		22CA4D852C02082F004F47E9 /* AppleIdAuth.swift in Sources */ = {isa = PBXBuildFile; fileRef = 22CA4D842C02082F004F47E9 /* AppleIdAuth.swift */; };
		22FC89792BF92E8B002E6400 /* EmojiShowerView.swift in Sources */ = {isa = PBXBuildFile; fileRef = 22FC89782BF92E8B002E6400 /* EmojiShowerView.swift */; };
		22FC897B2BF92EA9002E6400 /* EmojiShowerViewController.swift in Sources */ = {isa = PBXBuildFile; fileRef = 22FC897A2BF92EA9002E6400 /* EmojiShowerViewController.swift */; };
		22FC897E2BF93033002E6400 /* ConfettiSwiftUI in Frameworks */ = {isa = PBXBuildFile; productRef = 22FC897D2BF93033002E6400 /* ConfettiSwiftUI */; };
		22FC89822BF9F807002E6400 /* AppViewModel.swift in Sources */ = {isa = PBXBuildFile; fileRef = 22FC89812BF9F807002E6400 /* AppViewModel.swift */; };
		22FC89842BF9F8CF002E6400 /* User.swift in Sources */ = {isa = PBXBuildFile; fileRef = 22FC89832BF9F8CF002E6400 /* User.swift */; };
		22FC89862BF9F955002E6400 /* MoodItem.swift in Sources */ = {isa = PBXBuildFile; fileRef = 22FC89852BF9F955002E6400 /* MoodItem.swift */; };
/* End PBXBuildFile section */

/* Begin PBXFileReference section */
		229D2EE62BF7BF7D0080C118 /* moodjournal.app */ = {isa = PBXFileReference; explicitFileType = wrapper.application; includeInIndex = 0; path = moodjournal.app; sourceTree = BUILT_PRODUCTS_DIR; };
		229D2EE92BF7BF7D0080C118 /* moodjournalApp.swift */ = {isa = PBXFileReference; lastKnownFileType = sourcecode.swift; path = moodjournalApp.swift; sourceTree = "<group>"; };
		229D2EEB2BF7BF7D0080C118 /* ContentView.swift */ = {isa = PBXFileReference; lastKnownFileType = sourcecode.swift; path = ContentView.swift; sourceTree = "<group>"; };
		229D2EED2BF7BF7F0080C118 /* Assets.xcassets */ = {isa = PBXFileReference; lastKnownFileType = folder.assetcatalog; path = Assets.xcassets; sourceTree = "<group>"; };
		229D2EF02BF7BF7F0080C118 /* Preview Assets.xcassets */ = {isa = PBXFileReference; lastKnownFileType = folder.assetcatalog; path = "Preview Assets.xcassets"; sourceTree = "<group>"; };
		229D2EF72BF7BF9A0080C118 /* CalendarWeekListView.swift */ = {isa = PBXFileReference; lastKnownFileType = sourcecode.swift; path = CalendarWeekListView.swift; sourceTree = "<group>"; };
		229D2F032BF8D2AF0080C118 /* WeekView.swift */ = {isa = PBXFileReference; lastKnownFileType = sourcecode.swift; path = WeekView.swift; sourceTree = "<group>"; };
		229D2F052BF8D4720080C118 /* HomeView.swift */ = {isa = PBXFileReference; lastKnownFileType = sourcecode.swift; path = HomeView.swift; sourceTree = "<group>"; };
		229D2F072BF8D4BE0080C118 /* HomeViewModel.swift */ = {isa = PBXFileReference; lastKnownFileType = sourcecode.swift; path = HomeViewModel.swift; sourceTree = "<group>"; };
		229D2F0B2BF8D5420080C118 /* SettingsView.swift */ = {isa = PBXFileReference; lastKnownFileType = sourcecode.swift; path = SettingsView.swift; sourceTree = "<group>"; };
		229D2F0D2BF8D7FB0080C118 /* MoodCarousel.swift */ = {isa = PBXFileReference; lastKnownFileType = sourcecode.swift; path = MoodCarousel.swift; sourceTree = "<group>"; };
		229D2F112BF8DF930080C118 /* CalendarView.swift */ = {isa = PBXFileReference; lastKnownFileType = sourcecode.swift; path = CalendarView.swift; sourceTree = "<group>"; };
		229D2F142BF8DFBC0080C118 /* Date+Extension.swift */ = {isa = PBXFileReference; lastKnownFileType = sourcecode.swift; path = "Date+Extension.swift"; sourceTree = "<group>"; };
		229D2F182BF8F7ED0080C118 /* ChatView.swift */ = {isa = PBXFileReference; lastKnownFileType = sourcecode.swift; path = ChatView.swift; sourceTree = "<group>"; };
		229D2F1D2BF8F9CD0080C118 /* GoogleService-Info.plist */ = {isa = PBXFileReference; fileEncoding = 4; lastKnownFileType = text.plist.xml; path = "GoogleService-Info.plist"; sourceTree = "<group>"; };
		229D2F2B2BF8FB3D0080C118 /* MessageCell.swift */ = {isa = PBXFileReference; lastKnownFileType = sourcecode.swift; path = MessageCell.swift; sourceTree = "<group>"; };
		229D2F2D2BF8FB4D0080C118 /* MessageView.swift */ = {isa = PBXFileReference; lastKnownFileType = sourcecode.swift; path = MessageView.swift; sourceTree = "<group>"; };
		229D2F312BF90EBA0080C118 /* Message.xcdatamodel */ = {isa = PBXFileReference; lastKnownFileType = wrapper.xcdatamodel; path = Message.xcdatamodel; sourceTree = "<group>"; };
		229D2F332BF922650080C118 /* NetworkMonitor.swift */ = {isa = PBXFileReference; lastKnownFileType = sourcecode.swift; path = NetworkMonitor.swift; sourceTree = "<group>"; };
		229D2F352BF9228A0080C118 /* NetworkUnavailableView.swift */ = {isa = PBXFileReference; lastKnownFileType = sourcecode.swift; path = NetworkUnavailableView.swift; sourceTree = "<group>"; };
		229D2F372BF922A60080C118 /* PersistenceController.swift */ = {isa = PBXFileReference; lastKnownFileType = sourcecode.swift; path = PersistenceController.swift; sourceTree = "<group>"; };
		22CA4D752BF9FF47004F47E9 /* Encodable.swift */ = {isa = PBXFileReference; lastKnownFileType = sourcecode.swift; path = Encodable.swift; sourceTree = "<group>"; };
		22CA4D772BFA1E16004F47E9 /* MoodsRow.swift */ = {isa = PBXFileReference; lastKnownFileType = sourcecode.swift; path = MoodsRow.swift; sourceTree = "<group>"; };
		22CA4D7A2BFA2C64004F47E9 /* CalendarViewModel.swift */ = {isa = PBXFileReference; lastKnownFileType = sourcecode.swift; path = CalendarViewModel.swift; sourceTree = "<group>"; };
		22CA4D7D2BFA2F59004F47E9 /* DayItem.swift */ = {isa = PBXFileReference; lastKnownFileType = sourcecode.swift; path = DayItem.swift; sourceTree = "<group>"; };
		22CA4D7F2BFA7384004F47E9 /* CarouselView.swift */ = {isa = PBXFileReference; lastKnownFileType = sourcecode.swift; path = CarouselView.swift; sourceTree = "<group>"; };
		22CA4D812BFA73D8004F47E9 /* EmojiItem.swift */ = {isa = PBXFileReference; lastKnownFileType = sourcecode.swift; path = EmojiItem.swift; sourceTree = "<group>"; };
		22CA4D842C02082F004F47E9 /* AppleIdAuth.swift */ = {isa = PBXFileReference; lastKnownFileType = sourcecode.swift; path = AppleIdAuth.swift; sourceTree = "<group>"; };
		22CA4D862C020DCE004F47E9 /* moodjournal.entitlements */ = {isa = PBXFileReference; lastKnownFileType = text.plist.entitlements; path = moodjournal.entitlements; sourceTree = "<group>"; };
		22FC89782BF92E8B002E6400 /* EmojiShowerView.swift */ = {isa = PBXFileReference; lastKnownFileType = sourcecode.swift; path = EmojiShowerView.swift; sourceTree = "<group>"; };
		22FC897A2BF92EA9002E6400 /* EmojiShowerViewController.swift */ = {isa = PBXFileReference; lastKnownFileType = sourcecode.swift; path = EmojiShowerViewController.swift; sourceTree = "<group>"; };
		22FC89812BF9F807002E6400 /* AppViewModel.swift */ = {isa = PBXFileReference; lastKnownFileType = sourcecode.swift; path = AppViewModel.swift; sourceTree = "<group>"; };
		22FC89832BF9F8CF002E6400 /* User.swift */ = {isa = PBXFileReference; lastKnownFileType = sourcecode.swift; path = User.swift; sourceTree = "<group>"; };
		22FC89852BF9F955002E6400 /* MoodItem.swift */ = {isa = PBXFileReference; lastKnownFileType = sourcecode.swift; path = MoodItem.swift; sourceTree = "<group>"; };
/* End PBXFileReference section */

/* Begin PBXFrameworksBuildPhase section */
		229D2EE32BF7BF7D0080C118 /* Frameworks */ = {
			isa = PBXFrameworksBuildPhase;
			buildActionMask = 2147483647;
			files = (
				229D2F252BF8FA1C0080C118 /* FirebaseAnalyticsSwift in Frameworks */,
				229D2F272BF8FA1C0080C118 /* FirebaseAnalyticsWithoutAdIdSupport in Frameworks */,
				229D2F212BF8FA1C0080C118 /* FirebaseAnalytics in Frameworks */,
				229D2F232BF8FA1C0080C118 /* FirebaseAnalyticsOnDeviceConversion in Frameworks */,
				22CA4D742BF9FEAF004F47E9 /* FirebaseAuth in Frameworks */,
				229D2F292BF8FA1C0080C118 /* FirebaseAppCheck in Frameworks */,
				229D2F1C2BF8F8A30080C118 /* GoogleGenerativeAI in Frameworks */,
				22FC897E2BF93033002E6400 /* ConfettiSwiftUI in Frameworks */,
				22CA4D722BF9FE89004F47E9 /* FirebaseFirestoreSwift in Frameworks */,
			);
			runOnlyForDeploymentPostprocessing = 0;
		};
/* End PBXFrameworksBuildPhase section */

/* Begin PBXGroup section */
		229D2EDD2BF7BF7D0080C118 = {
			isa = PBXGroup;
			children = (
				229D2EE82BF7BF7D0080C118 /* moodjournal */,
				229D2EE72BF7BF7D0080C118 /* Products */,
				22CA4D702BF9FE89004F47E9 /* Frameworks */,
			);
			sourceTree = "<group>";
		};
		229D2EE72BF7BF7D0080C118 /* Products */ = {
			isa = PBXGroup;
			children = (
				229D2EE62BF7BF7D0080C118 /* moodjournal.app */,
			);
			name = Products;
			sourceTree = "<group>";
		};
		229D2EE82BF7BF7D0080C118 /* moodjournal */ = {
			isa = PBXGroup;
			children = (
				22CA4D862C020DCE004F47E9 /* moodjournal.entitlements */,
				229D2EE92BF7BF7D0080C118 /* moodjournalApp.swift */,
				229D2F012BF8D2830080C118 /* Core */,
				229D2EEB2BF7BF7D0080C118 /* ContentView.swift */,
				229D2EFC2BF8D2340080C118 /* Helpers */,
				229D2EFB2BF8D2240080C118 /* Views */,
				229D2EF92BF8D2190080C118 /* Models */,
				229D2EED2BF7BF7F0080C118 /* Assets.xcassets */,
				229D2F1D2BF8F9CD0080C118 /* GoogleService-Info.plist */,
				229D2EEF2BF7BF7F0080C118 /* Preview Content */,
			);
			path = moodjournal;
			sourceTree = "<group>";
		};
		229D2EEF2BF7BF7F0080C118 /* Preview Content */ = {
			isa = PBXGroup;
			children = (
				229D2EF02BF7BF7F0080C118 /* Preview Assets.xcassets */,
			);
			path = "Preview Content";
			sourceTree = "<group>";
		};
		229D2EF92BF8D2190080C118 /* Models */ = {
			isa = PBXGroup;
			children = (
				229D2F302BF90EBA0080C118 /* Message.xcdatamodeld */,
				22FC89832BF9F8CF002E6400 /* User.swift */,
				22FC89852BF9F955002E6400 /* MoodItem.swift */,
			);
			path = Models;
			sourceTree = "<group>";
		};
		229D2EFB2BF8D2240080C118 /* Views */ = {
			isa = PBXGroup;
			children = (
				22FC897F2BF9F7F3002E6400 /* App */,
				229D2F162BF8F7E00080C118 /* Chat */,
				229D2F0F2BF8DF830080C118 /* Calendar */,
				229D2F092BF8D5320080C118 /* Settings */,
				229D2EFD2BF8D2420080C118 /* Home */,
			);
			path = Views;
			sourceTree = "<group>";
		};
		229D2EFC2BF8D2340080C118 /* Helpers */ = {
			isa = PBXGroup;
			children = (
			);
			path = Helpers;
			sourceTree = "<group>";
		};
		229D2EFD2BF8D2420080C118 /* Home */ = {
			isa = PBXGroup;
			children = (
				229D2EFF2BF8D2730080C118 /* View */,
				229D2EFE2BF8D26B0080C118 /* ViewModel */,
			);
			path = Home;
			sourceTree = "<group>";
		};
		229D2EFE2BF8D26B0080C118 /* ViewModel */ = {
			isa = PBXGroup;
			children = (
				229D2F072BF8D4BE0080C118 /* HomeViewModel.swift */,
			);
			path = ViewModel;
			sourceTree = "<group>";
		};
		229D2EFF2BF8D2730080C118 /* View */ = {
			isa = PBXGroup;
			children = (
				229D2F002BF8D2770080C118 /* Components */,
				229D2F052BF8D4720080C118 /* HomeView.swift */,
			);
			path = View;
			sourceTree = "<group>";
		};
		229D2F002BF8D2770080C118 /* Components */ = {
			isa = PBXGroup;
			children = (
				229D2F032BF8D2AF0080C118 /* WeekView.swift */,
				229D2F0D2BF8D7FB0080C118 /* MoodCarousel.swift */,
				22CA4D772BFA1E16004F47E9 /* MoodsRow.swift */,
			);
			path = Components;
			sourceTree = "<group>";
		};
		229D2F012BF8D2830080C118 /* Core */ = {
			isa = PBXGroup;
			children = (
				22FC89772BF92E77002E6400 /* EmojiShower */,
				229D2F132BF8DFAF0080C118 /* Extensions */,
				229D2F022BF8D2870080C118 /* Components */,
				229D2F332BF922650080C118 /* NetworkMonitor.swift */,
				229D2F372BF922A60080C118 /* PersistenceController.swift */,
			);
			path = Core;
			sourceTree = "<group>";
		};
		229D2F022BF8D2870080C118 /* Components */ = {
			isa = PBXGroup;
			children = (
				229D2EF72BF7BF9A0080C118 /* CalendarWeekListView.swift */,
				22CA4D7F2BFA7384004F47E9 /* CarouselView.swift */,
				22CA4D812BFA73D8004F47E9 /* EmojiItem.swift */,
			);
			path = Components;
			sourceTree = "<group>";
		};
		229D2F092BF8D5320080C118 /* Settings */ = {
			isa = PBXGroup;
			children = (
				229D2F0A2BF8D5390080C118 /* View */,
			);
			path = Settings;
			sourceTree = "<group>";
		};
		229D2F0A2BF8D5390080C118 /* View */ = {
			isa = PBXGroup;
			children = (
				22CA4D832C020813004F47E9 /* Components */,
				229D2F0B2BF8D5420080C118 /* SettingsView.swift */,
			);
			path = View;
			sourceTree = "<group>";
		};
		229D2F0F2BF8DF830080C118 /* Calendar */ = {
			isa = PBXGroup;
			children = (
				22CA4D792BFA2C4A004F47E9 /* ViewModel */,
				229D2F102BF8DF890080C118 /* View */,
			);
			path = Calendar;
			sourceTree = "<group>";
		};
		229D2F102BF8DF890080C118 /* View */ = {
			isa = PBXGroup;
			children = (
				22CA4D7C2BFA2F47004F47E9 /* Components */,
				229D2F112BF8DF930080C118 /* CalendarView.swift */,
			);
			path = View;
			sourceTree = "<group>";
		};
		229D2F132BF8DFAF0080C118 /* Extensions */ = {
			isa = PBXGroup;
			children = (
				229D2F142BF8DFBC0080C118 /* Date+Extension.swift */,
				22CA4D752BF9FF47004F47E9 /* Encodable.swift */,
			);
			path = Extensions;
			sourceTree = "<group>";
		};
		229D2F162BF8F7E00080C118 /* Chat */ = {
			isa = PBXGroup;
			children = (
				229D2F172BF8F7E40080C118 /* View */,
			);
			path = Chat;
			sourceTree = "<group>";
		};
		229D2F172BF8F7E40080C118 /* View */ = {
			isa = PBXGroup;
			children = (
				229D2F2A2BF8FB320080C118 /* Components */,
				229D2F182BF8F7ED0080C118 /* ChatView.swift */,
				229D2F352BF9228A0080C118 /* NetworkUnavailableView.swift */,
			);
			path = View;
			sourceTree = "<group>";
		};
		229D2F2A2BF8FB320080C118 /* Components */ = {
			isa = PBXGroup;
			children = (
				229D2F2B2BF8FB3D0080C118 /* MessageCell.swift */,
				229D2F2D2BF8FB4D0080C118 /* MessageView.swift */,
			);
			path = Components;
			sourceTree = "<group>";
		};
		22CA4D702BF9FE89004F47E9 /* Frameworks */ = {
			isa = PBXGroup;
			children = (
			);
			name = Frameworks;
			sourceTree = "<group>";
		};
		22CA4D792BFA2C4A004F47E9 /* ViewModel */ = {
			isa = PBXGroup;
			children = (
				22CA4D7A2BFA2C64004F47E9 /* CalendarViewModel.swift */,
			);
			path = ViewModel;
			sourceTree = "<group>";
		};
		22CA4D7C2BFA2F47004F47E9 /* Components */ = {
			isa = PBXGroup;
			children = (
				22CA4D7D2BFA2F59004F47E9 /* DayItem.swift */,
			);
			path = Components;
			sourceTree = "<group>";
		};
		22CA4D832C020813004F47E9 /* Components */ = {
			isa = PBXGroup;
			children = (
				22CA4D842C02082F004F47E9 /* AppleIdAuth.swift */,
			);
			path = Components;
			sourceTree = "<group>";
		};
		22FC89772BF92E77002E6400 /* EmojiShower */ = {
			isa = PBXGroup;
			children = (
				22FC89782BF92E8B002E6400 /* EmojiShowerView.swift */,
				22FC897A2BF92EA9002E6400 /* EmojiShowerViewController.swift */,
			);
			path = EmojiShower;
			sourceTree = "<group>";
		};
		22FC897F2BF9F7F3002E6400 /* App */ = {
			isa = PBXGroup;
			children = (
				22FC89802BF9F7F8002E6400 /* AppViewModel */,
			);
			path = App;
			sourceTree = "<group>";
		};
		22FC89802BF9F7F8002E6400 /* AppViewModel */ = {
			isa = PBXGroup;
			children = (
				22FC89812BF9F807002E6400 /* AppViewModel.swift */,
			);
			path = AppViewModel;
			sourceTree = "<group>";
		};
/* End PBXGroup section */

/* Begin PBXNativeTarget section */
		229D2EE52BF7BF7D0080C118 /* moodjournal */ = {
			isa = PBXNativeTarget;
			buildConfigurationList = 229D2EF42BF7BF7F0080C118 /* Build configuration list for PBXNativeTarget "moodjournal" */;
			buildPhases = (
				229D2EE22BF7BF7D0080C118 /* Sources */,
				229D2EE32BF7BF7D0080C118 /* Frameworks */,
				229D2EE42BF7BF7D0080C118 /* Resources */,
			);
			buildRules = (
			);
			dependencies = (
			);
			name = moodjournal;
			packageProductDependencies = (
				229D2F1B2BF8F8A30080C118 /* GoogleGenerativeAI */,
				229D2F202BF8FA1C0080C118 /* FirebaseAnalytics */,
				229D2F222BF8FA1C0080C118 /* FirebaseAnalyticsOnDeviceConversion */,
				229D2F242BF8FA1C0080C118 /* FirebaseAnalyticsSwift */,
				229D2F262BF8FA1C0080C118 /* FirebaseAnalyticsWithoutAdIdSupport */,
				229D2F282BF8FA1C0080C118 /* FirebaseAppCheck */,
				22FC897D2BF93033002E6400 /* ConfettiSwiftUI */,
				22CA4D712BF9FE89004F47E9 /* FirebaseFirestoreSwift */,
				22CA4D732BF9FEAF004F47E9 /* FirebaseAuth */,
			);
			productName = moodjournal;
			productReference = 229D2EE62BF7BF7D0080C118 /* moodjournal.app */;
			productType = "com.apple.product-type.application";
		};
/* End PBXNativeTarget section */

/* Begin PBXProject section */
		229D2EDE2BF7BF7D0080C118 /* Project object */ = {
			isa = PBXProject;
			attributes = {
				BuildIndependentTargetsInParallel = 1;
				LastSwiftUpdateCheck = 1520;
				LastUpgradeCheck = 1520;
				TargetAttributes = {
					229D2EE52BF7BF7D0080C118 = {
						CreatedOnToolsVersion = 15.2;
					};
				};
			};
			buildConfigurationList = 229D2EE12BF7BF7D0080C118 /* Build configuration list for PBXProject "moodjournal" */;
			compatibilityVersion = "Xcode 14.0";
			developmentRegion = en;
			hasScannedForEncodings = 0;
			knownRegions = (
				en,
				Base,
			);
			mainGroup = 229D2EDD2BF7BF7D0080C118;
			packageReferences = (
				229D2F1A2BF8F8A30080C118 /* XCRemoteSwiftPackageReference "generative-ai-swift" */,
				229D2F1F2BF8FA1C0080C118 /* XCRemoteSwiftPackageReference "firebase-ios-sdk" */,
				22FC897C2BF93033002E6400 /* XCRemoteSwiftPackageReference "ConfettiSwiftUI" */,
			);
			productRefGroup = 229D2EE72BF7BF7D0080C118 /* Products */;
			projectDirPath = "";
			projectRoot = "";
			targets = (
				229D2EE52BF7BF7D0080C118 /* moodjournal */,
			);
		};
/* End PBXProject section */

/* Begin PBXResourcesBuildPhase section */
		229D2EE42BF7BF7D0080C118 /* Resources */ = {
			isa = PBXResourcesBuildPhase;
			buildActionMask = 2147483647;
			files = (
				229D2EF12BF7BF7F0080C118 /* Preview Assets.xcassets in Resources */,
				229D2EEE2BF7BF7F0080C118 /* Assets.xcassets in Resources */,
				229D2F1E2BF8F9CD0080C118 /* GoogleService-Info.plist in Resources */,
			);
			runOnlyForDeploymentPostprocessing = 0;
		};
/* End PBXResourcesBuildPhase section */

/* Begin PBXSourcesBuildPhase section */
		229D2EE22BF7BF7D0080C118 /* Sources */ = {
			isa = PBXSourcesBuildPhase;
			buildActionMask = 2147483647;
			files = (
				22CA4D762BF9FF47004F47E9 /* Encodable.swift in Sources */,
				22CA4D822BFA73D8004F47E9 /* EmojiItem.swift in Sources */,
				229D2F362BF9228A0080C118 /* NetworkUnavailableView.swift in Sources */,
				229D2F0C2BF8D5420080C118 /* SettingsView.swift in Sources */,
				22CA4D7E2BFA2F59004F47E9 /* DayItem.swift in Sources */,
				229D2F042BF8D2AF0080C118 /* WeekView.swift in Sources */,
				22CA4D7B2BFA2C64004F47E9 /* CalendarViewModel.swift in Sources */,
				229D2F0E2BF8D7FB0080C118 /* MoodCarousel.swift in Sources */,
				229D2F322BF90EBA0080C118 /* Message.xcdatamodeld in Sources */,
				229D2EEC2BF7BF7D0080C118 /* ContentView.swift in Sources */,
				229D2F192BF8F7ED0080C118 /* ChatView.swift in Sources */,
				22FC897B2BF92EA9002E6400 /* EmojiShowerViewController.swift in Sources */,
				229D2F2E2BF8FB4D0080C118 /* MessageView.swift in Sources */,
				229D2F342BF922650080C118 /* NetworkMonitor.swift in Sources */,
				22CA4D802BFA7384004F47E9 /* CarouselView.swift in Sources */,
				22CA4D782BFA1E16004F47E9 /* MoodsRow.swift in Sources */,
				22FC89822BF9F807002E6400 /* AppViewModel.swift in Sources */,
				229D2F2C2BF8FB3D0080C118 /* MessageCell.swift in Sources */,
				229D2F382BF922A60080C118 /* PersistenceController.swift in Sources */,
				229D2EF82BF7BF9A0080C118 /* CalendarWeekListView.swift in Sources */,
				229D2F152BF8DFBC0080C118 /* Date+Extension.swift in Sources */,
				22FC89792BF92E8B002E6400 /* EmojiShowerView.swift in Sources */,
				22CA4D852C02082F004F47E9 /* AppleIdAuth.swift in Sources */,
				229D2F122BF8DF930080C118 /* CalendarView.swift in Sources */,
				229D2F062BF8D4720080C118 /* HomeView.swift in Sources */,
				229D2F082BF8D4BE0080C118 /* HomeViewModel.swift in Sources */,
				229D2EEA2BF7BF7D0080C118 /* moodjournalApp.swift in Sources */,
				22FC89842BF9F8CF002E6400 /* User.swift in Sources */,
				22FC89862BF9F955002E6400 /* MoodItem.swift in Sources */,
			);
			runOnlyForDeploymentPostprocessing = 0;
		};
/* End PBXSourcesBuildPhase section */

/* Begin XCBuildConfiguration section */
		229D2EF22BF7BF7F0080C118 /* Debug */ = {
			isa = XCBuildConfiguration;
			buildSettings = {
				ALWAYS_SEARCH_USER_PATHS = NO;
				ASSETCATALOG_COMPILER_GENERATE_SWIFT_ASSET_SYMBOL_EXTENSIONS = YES;
				CLANG_ANALYZER_NONNULL = YES;
				CLANG_ANALYZER_NUMBER_OBJECT_CONVERSION = YES_AGGRESSIVE;
				CLANG_CXX_LANGUAGE_STANDARD = "gnu++20";
				CLANG_ENABLE_MODULES = YES;
				CLANG_ENABLE_OBJC_ARC = YES;
				CLANG_ENABLE_OBJC_WEAK = YES;
				CLANG_WARN_BLOCK_CAPTURE_AUTORELEASING = YES;
				CLANG_WARN_BOOL_CONVERSION = YES;
				CLANG_WARN_COMMA = YES;
				CLANG_WARN_CONSTANT_CONVERSION = YES;
				CLANG_WARN_DEPRECATED_OBJC_IMPLEMENTATIONS = YES;
				CLANG_WARN_DIRECT_OBJC_ISA_USAGE = YES_ERROR;
				CLANG_WARN_DOCUMENTATION_COMMENTS = YES;
				CLANG_WARN_EMPTY_BODY = YES;
				CLANG_WARN_ENUM_CONVERSION = YES;
				CLANG_WARN_INFINITE_RECURSION = YES;
				CLANG_WARN_INT_CONVERSION = YES;
				CLANG_WARN_NON_LITERAL_NULL_CONVERSION = YES;
				CLANG_WARN_OBJC_IMPLICIT_RETAIN_SELF = YES;
				CLANG_WARN_OBJC_LITERAL_CONVERSION = YES;
				CLANG_WARN_OBJC_ROOT_CLASS = YES_ERROR;
				CLANG_WARN_QUOTED_INCLUDE_IN_FRAMEWORK_HEADER = YES;
				CLANG_WARN_RANGE_LOOP_ANALYSIS = YES;
				CLANG_WARN_STRICT_PROTOTYPES = YES;
				CLANG_WARN_SUSPICIOUS_MOVE = YES;
				CLANG_WARN_UNGUARDED_AVAILABILITY = YES_AGGRESSIVE;
				CLANG_WARN_UNREACHABLE_CODE = YES;
				CLANG_WARN__DUPLICATE_METHOD_MATCH = YES;
				COPY_PHASE_STRIP = NO;
				DEBUG_INFORMATION_FORMAT = dwarf;
				ENABLE_STRICT_OBJC_MSGSEND = YES;
				ENABLE_TESTABILITY = YES;
				ENABLE_USER_SCRIPT_SANDBOXING = YES;
				GCC_C_LANGUAGE_STANDARD = gnu17;
				GCC_DYNAMIC_NO_PIC = NO;
				GCC_NO_COMMON_BLOCKS = YES;
				GCC_OPTIMIZATION_LEVEL = 0;
				GCC_PREPROCESSOR_DEFINITIONS = (
					"DEBUG=1",
					"$(inherited)",
				);
				GCC_WARN_64_TO_32_BIT_CONVERSION = YES;
				GCC_WARN_ABOUT_RETURN_TYPE = YES_ERROR;
				GCC_WARN_UNDECLARED_SELECTOR = YES;
				GCC_WARN_UNINITIALIZED_AUTOS = YES_AGGRESSIVE;
				GCC_WARN_UNUSED_FUNCTION = YES;
				GCC_WARN_UNUSED_VARIABLE = YES;
				IPHONEOS_DEPLOYMENT_TARGET = 17.2;
				LOCALIZATION_PREFERS_STRING_CATALOGS = YES;
				MTL_ENABLE_DEBUG_INFO = INCLUDE_SOURCE;
				MTL_FAST_MATH = YES;
				ONLY_ACTIVE_ARCH = YES;
				SDKROOT = iphoneos;
				SWIFT_ACTIVE_COMPILATION_CONDITIONS = "DEBUG $(inherited)";
				SWIFT_OPTIMIZATION_LEVEL = "-Onone";
			};
			name = Debug;
		};
		229D2EF32BF7BF7F0080C118 /* Release */ = {
			isa = XCBuildConfiguration;
			buildSettings = {
				ALWAYS_SEARCH_USER_PATHS = NO;
				ASSETCATALOG_COMPILER_GENERATE_SWIFT_ASSET_SYMBOL_EXTENSIONS = YES;
				CLANG_ANALYZER_NONNULL = YES;
				CLANG_ANALYZER_NUMBER_OBJECT_CONVERSION = YES_AGGRESSIVE;
				CLANG_CXX_LANGUAGE_STANDARD = "gnu++20";
				CLANG_ENABLE_MODULES = YES;
				CLANG_ENABLE_OBJC_ARC = YES;
				CLANG_ENABLE_OBJC_WEAK = YES;
				CLANG_WARN_BLOCK_CAPTURE_AUTORELEASING = YES;
				CLANG_WARN_BOOL_CONVERSION = YES;
				CLANG_WARN_COMMA = YES;
				CLANG_WARN_CONSTANT_CONVERSION = YES;
				CLANG_WARN_DEPRECATED_OBJC_IMPLEMENTATIONS = YES;
				CLANG_WARN_DIRECT_OBJC_ISA_USAGE = YES_ERROR;
				CLANG_WARN_DOCUMENTATION_COMMENTS = YES;
				CLANG_WARN_EMPTY_BODY = YES;
				CLANG_WARN_ENUM_CONVERSION = YES;
				CLANG_WARN_INFINITE_RECURSION = YES;
				CLANG_WARN_INT_CONVERSION = YES;
				CLANG_WARN_NON_LITERAL_NULL_CONVERSION = YES;
				CLANG_WARN_OBJC_IMPLICIT_RETAIN_SELF = YES;
				CLANG_WARN_OBJC_LITERAL_CONVERSION = YES;
				CLANG_WARN_OBJC_ROOT_CLASS = YES_ERROR;
				CLANG_WARN_QUOTED_INCLUDE_IN_FRAMEWORK_HEADER = YES;
				CLANG_WARN_RANGE_LOOP_ANALYSIS = YES;
				CLANG_WARN_STRICT_PROTOTYPES = YES;
				CLANG_WARN_SUSPICIOUS_MOVE = YES;
				CLANG_WARN_UNGUARDED_AVAILABILITY = YES_AGGRESSIVE;
				CLANG_WARN_UNREACHABLE_CODE = YES;
				CLANG_WARN__DUPLICATE_METHOD_MATCH = YES;
				COPY_PHASE_STRIP = NO;
				DEBUG_INFORMATION_FORMAT = "dwarf-with-dsym";
				ENABLE_NS_ASSERTIONS = NO;
				ENABLE_STRICT_OBJC_MSGSEND = YES;
				ENABLE_USER_SCRIPT_SANDBOXING = YES;
				GCC_C_LANGUAGE_STANDARD = gnu17;
				GCC_NO_COMMON_BLOCKS = YES;
				GCC_WARN_64_TO_32_BIT_CONVERSION = YES;
				GCC_WARN_ABOUT_RETURN_TYPE = YES_ERROR;
				GCC_WARN_UNDECLARED_SELECTOR = YES;
				GCC_WARN_UNINITIALIZED_AUTOS = YES_AGGRESSIVE;
				GCC_WARN_UNUSED_FUNCTION = YES;
				GCC_WARN_UNUSED_VARIABLE = YES;
				IPHONEOS_DEPLOYMENT_TARGET = 17.2;
				LOCALIZATION_PREFERS_STRING_CATALOGS = YES;
				MTL_ENABLE_DEBUG_INFO = NO;
				MTL_FAST_MATH = YES;
				SDKROOT = iphoneos;
				SWIFT_COMPILATION_MODE = wholemodule;
				VALIDATE_PRODUCT = YES;
			};
			name = Release;
		};
		229D2EF52BF7BF7F0080C118 /* Debug */ = {
			isa = XCBuildConfiguration;
			buildSettings = {
				ASSETCATALOG_COMPILER_APPICON_NAME = AppIcon;
				ASSETCATALOG_COMPILER_GLOBAL_ACCENT_COLOR_NAME = AccentColor;
				CODE_SIGN_ENTITLEMENTS = moodjournal/moodjournal.entitlements;
				CODE_SIGN_STYLE = Automatic;
				CURRENT_PROJECT_VERSION = 1;
				DEVELOPMENT_ASSET_PATHS = "\"moodjournal/Preview Content\"";
				DEVELOPMENT_TEAM = 64QDKH3589;
				ENABLE_PREVIEWS = YES;
				GENERATE_INFOPLIST_FILE = YES;
				INFOPLIST_KEY_CFBundleDisplayName = "Mood Mate";
				INFOPLIST_KEY_LSApplicationCategoryType = "public.app-category.lifestyle";
				INFOPLIST_KEY_UIApplicationSceneManifest_Generation = YES;
				INFOPLIST_KEY_UIApplicationSupportsIndirectInputEvents = YES;
				INFOPLIST_KEY_UILaunchScreen_Generation = YES;
				INFOPLIST_KEY_UISupportedInterfaceOrientations_iPad = "UIInterfaceOrientationPortrait UIInterfaceOrientationPortraitUpsideDown UIInterfaceOrientationLandscapeLeft UIInterfaceOrientationLandscapeRight";
				INFOPLIST_KEY_UISupportedInterfaceOrientations_iPhone = "UIInterfaceOrientationPortrait UIInterfaceOrientationLandscapeLeft UIInterfaceOrientationLandscapeRight";
				LD_RUNPATH_SEARCH_PATHS = (
					"$(inherited)",
					"@executable_path/Frameworks",
				);
				MARKETING_VERSION = 1.0;
				PRODUCT_BUNDLE_IDENTIFIER = com.treamz.moodjournal;
				PRODUCT_NAME = "$(TARGET_NAME)";
				SWIFT_EMIT_LOC_STRINGS = YES;
				SWIFT_VERSION = 5.0;
				TARGETED_DEVICE_FAMILY = "1,2";
			};
			name = Debug;
		};
		229D2EF62BF7BF7F0080C118 /* Release */ = {
			isa = XCBuildConfiguration;
			buildSettings = {
				ASSETCATALOG_COMPILER_APPICON_NAME = AppIcon;
				ASSETCATALOG_COMPILER_GLOBAL_ACCENT_COLOR_NAME = AccentColor;
				CODE_SIGN_ENTITLEMENTS = moodjournal/moodjournal.entitlements;
				CODE_SIGN_STYLE = Automatic;
				CURRENT_PROJECT_VERSION = 1;
				DEVELOPMENT_ASSET_PATHS = "\"moodjournal/Preview Content\"";
				DEVELOPMENT_TEAM = 64QDKH3589;
				ENABLE_PREVIEWS = YES;
				GENERATE_INFOPLIST_FILE = YES;
				INFOPLIST_KEY_CFBundleDisplayName = "Mood Mate";
				INFOPLIST_KEY_LSApplicationCategoryType = "public.app-category.lifestyle";
				INFOPLIST_KEY_UIApplicationSceneManifest_Generation = YES;
				INFOPLIST_KEY_UIApplicationSupportsIndirectInputEvents = YES;
				INFOPLIST_KEY_UILaunchScreen_Generation = YES;
				INFOPLIST_KEY_UISupportedInterfaceOrientations_iPad = "UIInterfaceOrientationPortrait UIInterfaceOrientationPortraitUpsideDown UIInterfaceOrientationLandscapeLeft UIInterfaceOrientationLandscapeRight";
				INFOPLIST_KEY_UISupportedInterfaceOrientations_iPhone = "UIInterfaceOrientationPortrait UIInterfaceOrientationLandscapeLeft UIInterfaceOrientationLandscapeRight";
				LD_RUNPATH_SEARCH_PATHS = (
					"$(inherited)",
					"@executable_path/Frameworks",
				);
				MARKETING_VERSION = 1.0;
				PRODUCT_BUNDLE_IDENTIFIER = com.treamz.moodjournal;
				PRODUCT_NAME = "$(TARGET_NAME)";
				SWIFT_EMIT_LOC_STRINGS = YES;
				SWIFT_VERSION = 5.0;
				TARGETED_DEVICE_FAMILY = "1,2";
			};
			name = Release;
		};
/* End XCBuildConfiguration section */

/* Begin XCConfigurationList section */
		229D2EE12BF7BF7D0080C118 /* Build configuration list for PBXProject "moodjournal" */ = {
			isa = XCConfigurationList;
			buildConfigurations = (
				229D2EF22BF7BF7F0080C118 /* Debug */,
				229D2EF32BF7BF7F0080C118 /* Release */,
			);
			defaultConfigurationIsVisible = 0;
			defaultConfigurationName = Release;
		};
		229D2EF42BF7BF7F0080C118 /* Build configuration list for PBXNativeTarget "moodjournal" */ = {
			isa = XCConfigurationList;
			buildConfigurations = (
				229D2EF52BF7BF7F0080C118 /* Debug */,
				229D2EF62BF7BF7F0080C118 /* Release */,
			);
			defaultConfigurationIsVisible = 0;
			defaultConfigurationName = Release;
		};
/* End XCConfigurationList section */

/* Begin XCRemoteSwiftPackageReference section */
		229D2F1A2BF8F8A30080C118 /* XCRemoteSwiftPackageReference "generative-ai-swift" */ = {
			isa = XCRemoteSwiftPackageReference;
			repositoryURL = "https://github.com/google/generative-ai-swift";
			requirement = {
				kind = upToNextMajorVersion;
				minimumVersion = 0.5.3;
			};
		};
		229D2F1F2BF8FA1C0080C118 /* XCRemoteSwiftPackageReference "firebase-ios-sdk" */ = {
			isa = XCRemoteSwiftPackageReference;
			repositoryURL = "https://github.com/firebase/firebase-ios-sdk";
			requirement = {
				kind = upToNextMajorVersion;
				minimumVersion = 10.26.0;
			};
		};
		22FC897C2BF93033002E6400 /* XCRemoteSwiftPackageReference "ConfettiSwiftUI" */ = {
			isa = XCRemoteSwiftPackageReference;
			repositoryURL = "https://github.com/simibac/ConfettiSwiftUI.git";
			requirement = {
				kind = upToNextMajorVersion;
				minimumVersion = 1.1.0;
			};
		};
/* End XCRemoteSwiftPackageReference section */

/* Begin XCSwiftPackageProductDependency section */
		229D2F1B2BF8F8A30080C118 /* GoogleGenerativeAI */ = {
			isa = XCSwiftPackageProductDependency;
			package = 229D2F1A2BF8F8A30080C118 /* XCRemoteSwiftPackageReference "generative-ai-swift" */;
			productName = GoogleGenerativeAI;
		};
		229D2F202BF8FA1C0080C118 /* FirebaseAnalytics */ = {
			isa = XCSwiftPackageProductDependency;
			package = 229D2F1F2BF8FA1C0080C118 /* XCRemoteSwiftPackageReference "firebase-ios-sdk" */;
			productName = FirebaseAnalytics;
		};
		229D2F222BF8FA1C0080C118 /* FirebaseAnalyticsOnDeviceConversion */ = {
			isa = XCSwiftPackageProductDependency;
			package = 229D2F1F2BF8FA1C0080C118 /* XCRemoteSwiftPackageReference "firebase-ios-sdk" */;
			productName = FirebaseAnalyticsOnDeviceConversion;
		};
		229D2F242BF8FA1C0080C118 /* FirebaseAnalyticsSwift */ = {
			isa = XCSwiftPackageProductDependency;
			package = 229D2F1F2BF8FA1C0080C118 /* XCRemoteSwiftPackageReference "firebase-ios-sdk" */;
			productName = FirebaseAnalyticsSwift;
		};
		229D2F262BF8FA1C0080C118 /* FirebaseAnalyticsWithoutAdIdSupport */ = {
			isa = XCSwiftPackageProductDependency;
			package = 229D2F1F2BF8FA1C0080C118 /* XCRemoteSwiftPackageReference "firebase-ios-sdk" */;
			productName = FirebaseAnalyticsWithoutAdIdSupport;
		};
		229D2F282BF8FA1C0080C118 /* FirebaseAppCheck */ = {
			isa = XCSwiftPackageProductDependency;
			package = 229D2F1F2BF8FA1C0080C118 /* XCRemoteSwiftPackageReference "firebase-ios-sdk" */;
			productName = FirebaseAppCheck;
		};
		22CA4D712BF9FE89004F47E9 /* FirebaseFirestoreSwift */ = {
			isa = XCSwiftPackageProductDependency;
			package = 229D2F1F2BF8FA1C0080C118 /* XCRemoteSwiftPackageReference "firebase-ios-sdk" */;
			productName = FirebaseFirestoreSwift;
		};
		22CA4D732BF9FEAF004F47E9 /* FirebaseAuth */ = {
			isa = XCSwiftPackageProductDependency;
			package = 229D2F1F2BF8FA1C0080C118 /* XCRemoteSwiftPackageReference "firebase-ios-sdk" */;
			productName = FirebaseAuth;
		};
		22FC897D2BF93033002E6400 /* ConfettiSwiftUI */ = {
			isa = XCSwiftPackageProductDependency;
			package = 22FC897C2BF93033002E6400 /* XCRemoteSwiftPackageReference "ConfettiSwiftUI" */;
			productName = ConfettiSwiftUI;
		};
/* End XCSwiftPackageProductDependency section */

/* Begin XCVersionGroup section */
		229D2F302BF90EBA0080C118 /* Message.xcdatamodeld */ = {
			isa = XCVersionGroup;
			children = (
				229D2F312BF90EBA0080C118 /* Message.xcdatamodel */,
			);
			currentVersion = 229D2F312BF90EBA0080C118 /* Message.xcdatamodel */;
			path = Message.xcdatamodeld;
			sourceTree = "<group>";
			versionGroupType = wrapper.xcdatamodel;
		};
/* End XCVersionGroup section */
	};
	rootObject = 229D2EDE2BF7BF7D0080C118 /* Project object */;
}
